
Microsoft Visual Studio Solution File, Format Version 12.00
Project("{FAE04EC0-301F-11D3-BF4B-00C04F79EFBC}") = "UI", "UI\UI.csproj", "{241B9708-FDA6-426F-9643-8075DDBEC646}"
EndProject
Project("{FAE04EC0-301F-11D3-BF4B-00C04F79EFBC}") = "DBBL", "DBBL\DBBL.csproj", "{98DE3B33-C51F-45F1-B855-78729B752966}"
EndProject
Global
	GlobalSection(SolutionConfigurationPlatforms) = preSolution
		Debug|Any CPU = Debug|Any CPU
		Release|Any CPU = Release|Any CPU
	EndGlobalSection
	GlobalSection(ProjectConfigurationPlatforms) = postSolution
		{241B9708-FDA6-426F-9643-8075DDBEC646}.Debug|Any CPU.ActiveCfg = Debug|Any CPU
		{241B9708-FDA6-426F-9643-8075DDBEC646}.Debug|Any CPU.Build.0 = Debug|Any CPU
		{241B9708-FDA6-426F-9643-8075DDBEC646}.Release|Any CPU.ActiveCfg = Release|Any CPU
		{241B9708-FDA6-426F-9643-8075DDBEC646}.Release|Any CPU.Build.0 = Release|Any CPU
		{98DE3B33-C51F-45F1-B855-78729B752966}.Debug|Any CPU.ActiveCfg = Debug|Any CPU
		{98DE3B33-C51F-45F1-B855-78729B752966}.Debug|Any CPU.Build.0 = Debug|Any CPU
		{98DE3B33-C51F-45F1-B855-78729B752966}.Release|Any CPU.ActiveCfg = Release|Any CPU
		{98DE3B33-C51F-45F1-B855-78729B752966}.Release|Any CPU.Build.0 = Release|Any CPU
	EndGlobalSection
EndGlobal
